
Microsoft Visual Studio Solution File, Format Version 12.00
# Visual Studio Express 2012 for Windows Desktop
Project("{FAE04EC0-301F-11D3-BF4B-00C04F79EFBC}") = "WindowsFormsApplication1", "WindowsFormsApplication1\WindowsFormsApplication1.csproj", "{057ACE4C-F430-4996-9E34-040A9BC22730}"
EndProject
Project("{FAE04EC0-301F-11D3-BF4B-00C04F79EFBC}") = "Klinika123", "Klinika123\Klinika123.csproj", "{152ECF28-A368-4DD1-99D1-BEB01DE83FA4}"
EndProject
Project("{FAE04EC0-301F-11D3-BF4B-00C04F79EFBC}") = "WindowsFormsApplication3", "WindowsFormsApplication3\WindowsFormsApplication3.csproj", "{4EA2F02B-D233-4862-8385-BF82983EA817}"
EndProject
Project("{FAE04EC0-301F-11D3-BF4B-00C04F79EFBC}") = "WindowsFormsApplication2", "WindowsFormsApplication2\WindowsFormsApplication2.csproj", "{73D2F7CA-49FF-4836-8CF9-87DDFE97F3F8}"
EndProject
Project("{FAE04EC0-301F-11D3-BF4B-00C04F79EFBC}") = "WindowsFormsApplication4", "WindowsFormsApplication4\WindowsFormsApplication4.csproj", "{F37CFB2B-F36B-4787-BF02-1B1F59700A55}"
EndProject
Project("{FAE04EC0-301F-11D3-BF4B-00C04F79EFBC}") = "WindowsFormsApplication5", "WindowsFormsApplication5\WindowsFormsApplication5.csproj", "{94AF7BCF-E22E-4777-8D05-B69CD63C8266}"
EndProject
Project("{FAE04EC0-301F-11D3-BF4B-00C04F79EFBC}") = "WindowsFormsApplication6", "WindowsFormsApplication6\WindowsFormsApplication6.csproj", "{0346317E-61AF-40E0-972F-955FAEEE6E8E}"
EndProject
Global
	GlobalSection(SolutionConfigurationPlatforms) = preSolution
		Debug|Any CPU = Debug|Any CPU
		Release|Any CPU = Release|Any CPU
	EndGlobalSection
	GlobalSection(ProjectConfigurationPlatforms) = postSolution
		{057ACE4C-F430-4996-9E34-040A9BC22730}.Debug|Any CPU.ActiveCfg = Debug|Any CPU
		{057ACE4C-F430-4996-9E34-040A9BC22730}.Debug|Any CPU.Build.0 = Debug|Any CPU
		{057ACE4C-F430-4996-9E34-040A9BC22730}.Release|Any CPU.ActiveCfg = Release|Any CPU
		{057ACE4C-F430-4996-9E34-040A9BC22730}.Release|Any CPU.Build.0 = Release|Any CPU
		{152ECF28-A368-4DD1-99D1-BEB01DE83FA4}.Debug|Any CPU.ActiveCfg = Debug|Any CPU
		{152ECF28-A368-4DD1-99D1-BEB01DE83FA4}.Debug|Any CPU.Build.0 = Debug|Any CPU
		{152ECF28-A368-4DD1-99D1-BEB01DE83FA4}.Release|Any CPU.ActiveCfg = Release|Any CPU
		{152ECF28-A368-4DD1-99D1-BEB01DE83FA4}.Release|Any CPU.Build.0 = Release|Any CPU
		{4EA2F02B-D233-4862-8385-BF82983EA817}.Debug|Any CPU.ActiveCfg = Debug|Any CPU
		{4EA2F02B-D233-4862-8385-BF82983EA817}.Debug|Any CPU.Build.0 = Debug|Any CPU
		{4EA2F02B-D233-4862-8385-BF82983EA817}.Release|Any CPU.ActiveCfg = Release|Any CPU
		{4EA2F02B-D233-4862-8385-BF82983EA817}.Release|Any CPU.Build.0 = Release|Any CPU
		{73D2F7CA-49FF-4836-8CF9-87DDFE97F3F8}.Debug|Any CPU.ActiveCfg = Debug|Any CPU
		{73D2F7CA-49FF-4836-8CF9-87DDFE97F3F8}.Debug|Any CPU.Build.0 = Debug|Any CPU
		{73D2F7CA-49FF-4836-8CF9-87DDFE97F3F8}.Release|Any CPU.ActiveCfg = Release|Any CPU
		{73D2F7CA-49FF-4836-8CF9-87DDFE97F3F8}.Release|Any CPU.Build.0 = Release|Any CPU
		{F37CFB2B-F36B-4787-BF02-1B1F59700A55}.Debug|Any CPU.ActiveCfg = Debug|Any CPU
		{F37CFB2B-F36B-4787-BF02-1B1F59700A55}.Debug|Any CPU.Build.0 = Debug|Any CPU
		{F37CFB2B-F36B-4787-BF02-1B1F59700A55}.Release|Any CPU.ActiveCfg = Release|Any CPU
		{F37CFB2B-F36B-4787-BF02-1B1F59700A55}.Release|Any CPU.Build.0 = Release|Any CPU
		{94AF7BCF-E22E-4777-8D05-B69CD63C8266}.Debug|Any CPU.ActiveCfg = Debug|Any CPU
		{94AF7BCF-E22E-4777-8D05-B69CD63C8266}.Debug|Any CPU.Build.0 = Debug|Any CPU
		{94AF7BCF-E22E-4777-8D05-B69CD63C8266}.Release|Any CPU.ActiveCfg = Release|Any CPU
		{94AF7BCF-E22E-4777-8D05-B69CD63C8266}.Release|Any CPU.Build.0 = Release|Any CPU
		{0346317E-61AF-40E0-972F-955FAEEE6E8E}.Debug|Any CPU.ActiveCfg = Debug|Any CPU
		{0346317E-61AF-40E0-972F-955FAEEE6E8E}.Debug|Any CPU.Build.0 = Debug|Any CPU
		{0346317E-61AF-40E0-972F-955FAEEE6E8E}.Release|Any CPU.ActiveCfg = Release|Any CPU
		{0346317E-61AF-40E0-972F-955FAEEE6E8E}.Release|Any CPU.Build.0 = Release|Any CPU
	EndGlobalSection
	GlobalSection(SolutionProperties) = preSolution
		HideSolutionNode = FALSE
	EndGlobalSection
EndGlobal
